
Microsoft Visual Studio Solution File, Format Version 12.00
# Visual Studio 14
VisualStudioVersion = 14.0.25420.1
MinimumVisualStudioVersion = 10.0.40219.1
Project("{FAE04EC0-301F-11D3-BF4B-00C04F79EFBC}") = "Lab_3_", "Lab_3_\Lab_3_.csproj", "{06FF1AF4-5C25-4611-A8DC-EB3CAAC0EBAC}"
EndProject
Project("{FAE04EC0-301F-11D3-BF4B-00C04F79EFBC}") = "ArbolAVL", "ArbolAVL\ArbolAVL.csproj", "{EE2D0847-AD71-4496-B89C-392D16168FBC}"
EndProject
Global
	GlobalSection(SolutionConfigurationPlatforms) = preSolution
		Debug|Any CPU = Debug|Any CPU
		Release|Any CPU = Release|Any CPU
	EndGlobalSection
	GlobalSection(ProjectConfigurationPlatforms) = postSolution
		{06FF1AF4-5C25-4611-A8DC-EB3CAAC0EBAC}.Debug|Any CPU.ActiveCfg = Debug|Any CPU
		{06FF1AF4-5C25-4611-A8DC-EB3CAAC0EBAC}.Debug|Any CPU.Build.0 = Debug|Any CPU
		{06FF1AF4-5C25-4611-A8DC-EB3CAAC0EBAC}.Release|Any CPU.ActiveCfg = Release|Any CPU
		{06FF1AF4-5C25-4611-A8DC-EB3CAAC0EBAC}.Release|Any CPU.Build.0 = Release|Any CPU
		{EE2D0847-AD71-4496-B89C-392D16168FBC}.Debug|Any CPU.ActiveCfg = Debug|Any CPU
		{EE2D0847-AD71-4496-B89C-392D16168FBC}.Debug|Any CPU.Build.0 = Debug|Any CPU
		{EE2D0847-AD71-4496-B89C-392D16168FBC}.Release|Any CPU.ActiveCfg = Release|Any CPU
		{EE2D0847-AD71-4496-B89C-392D16168FBC}.Release|Any CPU.Build.0 = Release|Any CPU
	EndGlobalSection
	GlobalSection(SolutionProperties) = preSolution
		HideSolutionNode = FALSE
	EndGlobalSection
EndGlobal
